
Microsoft Visual Studio Solution File, Format Version 12.00
# Visual Studio Version 16
VisualStudioVersion = 16.0.32228.343
MinimumVisualStudioVersion = 10.0.40219.1
Project("{FAE04EC0-301F-11D3-BF4B-00C04F79EFBC}") = "homework", "homework.csproj", "{B06215DC-10E2-4A8D-8C2A-00A2DE148889}"
EndProject
Global
	GlobalSection(SolutionConfigurationPlatforms) = preSolution
		Debug|Any CPU = Debug|Any CPU
		Release|Any CPU = Release|Any CPU
	EndGlobalSection
	GlobalSection(ProjectConfigurationPlatforms) = postSolution
		{B06215DC-10E2-4A8D-8C2A-00A2DE148889}.Debug|Any CPU.ActiveCfg = Debug|Any CPU
		{B06215DC-10E2-4A8D-8C2A-00A2DE148889}.Debug|Any CPU.Build.0 = Debug|Any CPU
		{B06215DC-10E2-4A8D-8C2A-00A2DE148889}.Release|Any CPU.ActiveCfg = Release|Any CPU
		{B06215DC-10E2-4A8D-8C2A-00A2DE148889}.Release|Any CPU.Build.0 = Release|Any CPU
	EndGlobalSection
	GlobalSection(SolutionProperties) = preSolution
		HideSolutionNode = FALSE
	EndGlobalSection
	GlobalSection(ExtensibilityGlobals) = postSolution
		SolutionGuid = {302225D9-B40F-4117-839B-AC9C94A6ACD5}
	EndGlobalSection
EndGlobal
